
Microsoft Visual Studio Solution File, Format Version 12.00
# Visual Studio 14
VisualStudioVersion = 14.0.25420.1
MinimumVisualStudioVersion = 10.0.40219.1
Project("{FAE04EC0-301F-11D3-BF4B-00C04F79EFBC}") = "EmployeeService", "EmployeeService\EmployeeService.csproj", "{703834A7-86AD-4721-A64E-A60BA267B1C5}"
EndProject
Project("{FAE04EC0-301F-11D3-BF4B-00C04F79EFBC}") = "EmployeeDataAccess", "EmployeeDataAccess\EmployeeDataAccess.csproj", "{CA3EB744-BE33-4498-80BB-47AFEC86CD5C}"
EndProject
Project("{FAE04EC0-301F-11D3-BF4B-00C04F79EFBC}") = "ClientApplication", "ClientApplication\ClientApplication.csproj", "{88B108B7-34B7-4A20-AC00-F533000FD124}"
EndProject
Global
	GlobalSection(SolutionConfigurationPlatforms) = preSolution
		Debug|Any CPU = Debug|Any CPU
		Release|Any CPU = Release|Any CPU
	EndGlobalSection
	GlobalSection(ProjectConfigurationPlatforms) = postSolution
		{703834A7-86AD-4721-A64E-A60BA267B1C5}.Debug|Any CPU.ActiveCfg = Debug|Any CPU
		{703834A7-86AD-4721-A64E-A60BA267B1C5}.Debug|Any CPU.Build.0 = Debug|Any CPU
		{703834A7-86AD-4721-A64E-A60BA267B1C5}.Release|Any CPU.ActiveCfg = Release|Any CPU
		{703834A7-86AD-4721-A64E-A60BA267B1C5}.Release|Any CPU.Build.0 = Release|Any CPU
		{CA3EB744-BE33-4498-80BB-47AFEC86CD5C}.Debug|Any CPU.ActiveCfg = Debug|Any CPU
		{CA3EB744-BE33-4498-80BB-47AFEC86CD5C}.Debug|Any CPU.Build.0 = Debug|Any CPU
		{CA3EB744-BE33-4498-80BB-47AFEC86CD5C}.Release|Any CPU.ActiveCfg = Release|Any CPU
		{CA3EB744-BE33-4498-80BB-47AFEC86CD5C}.Release|Any CPU.Build.0 = Release|Any CPU
		{88B108B7-34B7-4A20-AC00-F533000FD124}.Debug|Any CPU.ActiveCfg = Debug|Any CPU
		{88B108B7-34B7-4A20-AC00-F533000FD124}.Debug|Any CPU.Build.0 = Debug|Any CPU
		{88B108B7-34B7-4A20-AC00-F533000FD124}.Release|Any CPU.ActiveCfg = Release|Any CPU
		{88B108B7-34B7-4A20-AC00-F533000FD124}.Release|Any CPU.Build.0 = Release|Any CPU
	EndGlobalSection
	GlobalSection(SolutionProperties) = preSolution
		HideSolutionNode = FALSE
	EndGlobalSection
EndGlobal
